// !$*UTF8*$!
{
	archiveVersion = 1;
	classes = {
	};
	objectVersion = 56;
	objects = {

/* Begin PBXBuildFile section */
		49B6062B2920CFC600292316 /* module2_wrapupApp.swift in Sources */ = {isa = PBXBuildFile; fileRef = 49B6062A2920CFC600292316 /* module2_wrapupApp.swift */; };
		49B6062D2920CFC600292316 /* ContentView.swift in Sources */ = {isa = PBXBuildFile; fileRef = 49B6062C2920CFC600292316 /* ContentView.swift */; };
		49B6062F2920CFCA00292316 /* Assets.xcassets in Resources */ = {isa = PBXBuildFile; fileRef = 49B6062E2920CFCA00292316 /* Assets.xcassets */; };
		49B606322920CFCA00292316 /* Preview Assets.xcassets in Resources */ = {isa = PBXBuildFile; fileRef = 49B606312920CFCA00292316 /* Preview Assets.xcassets */; };
		49B6063E2920D13F00292316 /* data.json in Resources */ = {isa = PBXBuildFile; fileRef = 49B6063D2920D13F00292316 /* data.json */; };
		49B606402920D22400292316 /* Quote.swift in Sources */ = {isa = PBXBuildFile; fileRef = 49B6063F2920D22400292316 /* Quote.swift */; };
		49B606422920D25100292316 /* QuoteModel.swift in Sources */ = {isa = PBXBuildFile; fileRef = 49B606412920D25100292316 /* QuoteModel.swift */; };
		49B606442920D30C00292316 /* DataService.swift in Sources */ = {isa = PBXBuildFile; fileRef = 49B606432920D30C00292316 /* DataService.swift */; };
		49B606462920D93700292316 /* QuoteDetailView.swift in Sources */ = {isa = PBXBuildFile; fileRef = 49B606452920D93700292316 /* QuoteDetailView.swift */; };
/* End PBXBuildFile section */

/* Begin PBXFileReference section */
		49B606272920CFC600292316 /* module2-wrapup.app */ = {isa = PBXFileReference; explicitFileType = wrapper.application; includeInIndex = 0; path = "module2-wrapup.app"; sourceTree = BUILT_PRODUCTS_DIR; };
		49B6062A2920CFC600292316 /* module2_wrapupApp.swift */ = {isa = PBXFileReference; lastKnownFileType = sourcecode.swift; path = module2_wrapupApp.swift; sourceTree = "<group>"; };
		49B6062C2920CFC600292316 /* ContentView.swift */ = {isa = PBXFileReference; lastKnownFileType = sourcecode.swift; path = ContentView.swift; sourceTree = "<group>"; };
		49B6062E2920CFCA00292316 /* Assets.xcassets */ = {isa = PBXFileReference; lastKnownFileType = folder.assetcatalog; path = Assets.xcassets; sourceTree = "<group>"; };
		49B606312920CFCA00292316 /* Preview Assets.xcassets */ = {isa = PBXFileReference; lastKnownFileType = folder.assetcatalog; path = "Preview Assets.xcassets"; sourceTree = "<group>"; };
		49B6063D2920D13F00292316 /* data.json */ = {isa = PBXFileReference; lastKnownFileType = text.json; path = data.json; sourceTree = "<group>"; };
		49B6063F2920D22400292316 /* Quote.swift */ = {isa = PBXFileReference; lastKnownFileType = sourcecode.swift; path = Quote.swift; sourceTree = "<group>"; };
		49B606412920D25100292316 /* QuoteModel.swift */ = {isa = PBXFileReference; lastKnownFileType = sourcecode.swift; path = QuoteModel.swift; sourceTree = "<group>"; };
		49B606432920D30C00292316 /* DataService.swift */ = {isa = PBXFileReference; lastKnownFileType = sourcecode.swift; path = DataService.swift; sourceTree = "<group>"; };
		49B606452920D93700292316 /* QuoteDetailView.swift */ = {isa = PBXFileReference; lastKnownFileType = sourcecode.swift; path = QuoteDetailView.swift; sourceTree = "<group>"; };
/* End PBXFileReference section */

/* Begin PBXFrameworksBuildPhase section */
		49B606242920CFC600292316 /* Frameworks */ = {
			isa = PBXFrameworksBuildPhase;
			buildActionMask = 2147483647;
			files = (
			);
			runOnlyForDeploymentPostprocessing = 0;
		};
/* End PBXFrameworksBuildPhase section */

/* Begin PBXGroup section */
		49B6061E2920CFC600292316 = {
			isa = PBXGroup;
			children = (
				49B606382920D0D900292316 /* Views */,
				49B606392920D0DE00292316 /* ViewModels */,
				49B6063A2920D0E400292316 /* Models */,
				49B6063C2920D0FF00292316 /* Services */,
				49B6063B2920D0EA00292316 /* Data */,
				49B606292920CFC600292316 /* module2-wrapup */,
				49B606282920CFC600292316 /* Products */,
			);
			sourceTree = "<group>";
		};
		49B606282920CFC600292316 /* Products */ = {
			isa = PBXGroup;
			children = (
				49B606272920CFC600292316 /* module2-wrapup.app */,
			);
			name = Products;
			sourceTree = "<group>";
		};
		49B606292920CFC600292316 /* module2-wrapup */ = {
			isa = PBXGroup;
			children = (
				49B6062A2920CFC600292316 /* module2_wrapupApp.swift */,
				49B6062E2920CFCA00292316 /* Assets.xcassets */,
				49B606302920CFCA00292316 /* Preview Content */,
			);
			path = "module2-wrapup";
			sourceTree = "<group>";
		};
		49B606302920CFCA00292316 /* Preview Content */ = {
			isa = PBXGroup;
			children = (
				49B606312920CFCA00292316 /* Preview Assets.xcassets */,
			);
			path = "Preview Content";
			sourceTree = "<group>";
		};
		49B606382920D0D900292316 /* Views */ = {
			isa = PBXGroup;
			children = (
				49B6062C2920CFC600292316 /* ContentView.swift */,
				49B606452920D93700292316 /* QuoteDetailView.swift */,
			);
			path = Views;
			sourceTree = "<group>";
		};
		49B606392920D0DE00292316 /* ViewModels */ = {
			isa = PBXGroup;
			children = (
				49B606412920D25100292316 /* QuoteModel.swift */,
			);
			path = ViewModels;
			sourceTree = "<group>";
		};
		49B6063A2920D0E400292316 /* Models */ = {
			isa = PBXGroup;
			children = (
				49B6063F2920D22400292316 /* Quote.swift */,
			);
			path = Models;
			sourceTree = "<group>";
		};
		49B6063B2920D0EA00292316 /* Data */ = {
			isa = PBXGroup;
			children = (
				49B6063D2920D13F00292316 /* data.json */,
			);
			path = Data;
			sourceTree = "<group>";
		};
		49B6063C2920D0FF00292316 /* Services */ = {
			isa = PBXGroup;
			children = (
				49B606432920D30C00292316 /* DataService.swift */,
			);
			path = Services;
			sourceTree = "<group>";
		};
/* End PBXGroup section */

/* Begin PBXNativeTarget section */
		49B606262920CFC600292316 /* module2-wrapup */ = {
			isa = PBXNativeTarget;
			buildConfigurationList = 49B606352920CFCA00292316 /* Build configuration list for PBXNativeTarget "module2-wrapup" */;
			buildPhases = (
				49B606232920CFC600292316 /* Sources */,
				49B606242920CFC600292316 /* Frameworks */,
				49B606252920CFC600292316 /* Resources */,
			);
			buildRules = (
			);
			dependencies = (
			);
			name = "module2-wrapup";
			productName = "module2-wrapup";
			productReference = 49B606272920CFC600292316 /* module2-wrapup.app */;
			productType = "com.apple.product-type.application";
		};
/* End PBXNativeTarget section */

/* Begin PBXProject section */
		49B6061F2920CFC600292316 /* Project object */ = {
			isa = PBXProject;
			attributes = {
				BuildIndependentTargetsInParallel = 1;
				LastSwiftUpdateCheck = 1410;
				LastUpgradeCheck = 1410;
				TargetAttributes = {
					49B606262920CFC600292316 = {
						CreatedOnToolsVersion = 14.1;
					};
				};
			};
			buildConfigurationList = 49B606222920CFC600292316 /* Build configuration list for PBXProject "module2-wrapup" */;
			compatibilityVersion = "Xcode 14.0";
			developmentRegion = en;
			hasScannedForEncodings = 0;
			knownRegions = (
				en,
				Base,
			);
			mainGroup = 49B6061E2920CFC600292316;
			productRefGroup = 49B606282920CFC600292316 /* Products */;
			projectDirPath = "";
			projectRoot = "";
			targets = (
				49B606262920CFC600292316 /* module2-wrapup */,
			);
		};
/* End PBXProject section */

/* Begin PBXResourcesBuildPhase section */
		49B606252920CFC600292316 /* Resources */ = {
			isa = PBXResourcesBuildPhase;
			buildActionMask = 2147483647;
			files = (
				49B606322920CFCA00292316 /* Preview Assets.xcassets in Resources */,
				49B6063E2920D13F00292316 /* data.json in Resources */,
				49B6062F2920CFCA00292316 /* Assets.xcassets in Resources */,
			);
			runOnlyForDeploymentPostprocessing = 0;
		};
/* End PBXResourcesBuildPhase section */

/* Begin PBXSourcesBuildPhase section */
		49B606232920CFC600292316 /* Sources */ = {
			isa = PBXSourcesBuildPhase;
			buildActionMask = 2147483647;
			files = (
				49B606462920D93700292316 /* QuoteDetailView.swift in Sources */,
				49B6062D2920CFC600292316 /* ContentView.swift in Sources */,
				49B606402920D22400292316 /* Quote.swift in Sources */,
				49B606422920D25100292316 /* QuoteModel.swift in Sources */,
				49B6062B2920CFC600292316 /* module2_wrapupApp.swift in Sources */,
				49B606442920D30C00292316 /* DataService.swift in Sources */,
			);
			runOnlyForDeploymentPostprocessing = 0;
		};
/* End PBXSourcesBuildPhase section */

/* Begin XCBuildConfiguration section */
		49B606332920CFCA00292316 /* Debug */ = {
			isa = XCBuildConfiguration;
			buildSettings = {
				ALWAYS_SEARCH_USER_PATHS = NO;
				CLANG_ANALYZER_NONNULL = YES;
				CLANG_ANALYZER_NUMBER_OBJECT_CONVERSION = YES_AGGRESSIVE;
				CLANG_CXX_LANGUAGE_STANDARD = "gnu++20";
				CLANG_ENABLE_MODULES = YES;
				CLANG_ENABLE_OBJC_ARC = YES;
				CLANG_ENABLE_OBJC_WEAK = YES;
				CLANG_WARN_BLOCK_CAPTURE_AUTORELEASING = YES;
				CLANG_WARN_BOOL_CONVERSION = YES;
				CLANG_WARN_COMMA = YES;
				CLANG_WARN_CONSTANT_CONVERSION = YES;
				CLANG_WARN_DEPRECATED_OBJC_IMPLEMENTATIONS = YES;
				CLANG_WARN_DIRECT_OBJC_ISA_USAGE = YES_ERROR;
				CLANG_WARN_DOCUMENTATION_COMMENTS = YES;
				CLANG_WARN_EMPTY_BODY = YES;
				CLANG_WARN_ENUM_CONVERSION = YES;
				CLANG_WARN_INFINITE_RECURSION = YES;
				CLANG_WARN_INT_CONVERSION = YES;
				CLANG_WARN_NON_LITERAL_NULL_CONVERSION = YES;
				CLANG_WARN_OBJC_IMPLICIT_RETAIN_SELF = YES;
				CLANG_WARN_OBJC_LITERAL_CONVERSION = YES;
				CLANG_WARN_OBJC_ROOT_CLASS = YES_ERROR;
				CLANG_WARN_QUOTED_INCLUDE_IN_FRAMEWORK_HEADER = YES;
				CLANG_WARN_RANGE_LOOP_ANALYSIS = YES;
				CLANG_WARN_STRICT_PROTOTYPES = YES;
				CLANG_WARN_SUSPICIOUS_MOVE = YES;
				CLANG_WARN_UNGUARDED_AVAILABILITY = YES_AGGRESSIVE;
				CLANG_WARN_UNREACHABLE_CODE = YES;
				CLANG_WARN__DUPLICATE_METHOD_MATCH = YES;
				COPY_PHASE_STRIP = NO;
				DEBUG_INFORMATION_FORMAT = dwarf;
				ENABLE_STRICT_OBJC_MSGSEND = YES;
				ENABLE_TESTABILITY = YES;
				GCC_C_LANGUAGE_STANDARD = gnu11;
				GCC_DYNAMIC_NO_PIC = NO;
				GCC_NO_COMMON_BLOCKS = YES;
				GCC_OPTIMIZATION_LEVEL = 0;
				GCC_PREPROCESSOR_DEFINITIONS = (
					"DEBUG=1",
					"$(inherited)",
				);
				GCC_WARN_64_TO_32_BIT_CONVERSION = YES;
				GCC_WARN_ABOUT_RETURN_TYPE = YES_ERROR;
				GCC_WARN_UNDECLARED_SELECTOR = YES;
				GCC_WARN_UNINITIALIZED_AUTOS = YES_AGGRESSIVE;
				GCC_WARN_UNUSED_FUNCTION = YES;
				GCC_WARN_UNUSED_VARIABLE = YES;
				IPHONEOS_DEPLOYMENT_TARGET = 16.1;
				MTL_ENABLE_DEBUG_INFO = INCLUDE_SOURCE;
				MTL_FAST_MATH = YES;
				ONLY_ACTIVE_ARCH = YES;
				SDKROOT = iphoneos;
				SWIFT_ACTIVE_COMPILATION_CONDITIONS = DEBUG;
				SWIFT_OPTIMIZATION_LEVEL = "-Onone";
			};
			name = Debug;
		};
		49B606342920CFCA00292316 /* Release */ = {
			isa = XCBuildConfiguration;
			buildSettings = {
				ALWAYS_SEARCH_USER_PATHS = NO;
				CLANG_ANALYZER_NONNULL = YES;
				CLANG_ANALYZER_NUMBER_OBJECT_CONVERSION = YES_AGGRESSIVE;
				CLANG_CXX_LANGUAGE_STANDARD = "gnu++20";
				CLANG_ENABLE_MODULES = YES;
				CLANG_ENABLE_OBJC_ARC = YES;
				CLANG_ENABLE_OBJC_WEAK = YES;
				CLANG_WARN_BLOCK_CAPTURE_AUTORELEASING = YES;
				CLANG_WARN_BOOL_CONVERSION = YES;
				CLANG_WARN_COMMA = YES;
				CLANG_WARN_CONSTANT_CONVERSION = YES;
				CLANG_WARN_DEPRECATED_OBJC_IMPLEMENTATIONS = YES;
				CLANG_WARN_DIRECT_OBJC_ISA_USAGE = YES_ERROR;
				CLANG_WARN_DOCUMENTATION_COMMENTS = YES;
				CLANG_WARN_EMPTY_BODY = YES;
				CLANG_WARN_ENUM_CONVERSION = YES;
				CLANG_WARN_INFINITE_RECURSION = YES;
				CLANG_WARN_INT_CONVERSION = YES;
				CLANG_WARN_NON_LITERAL_NULL_CONVERSION = YES;
				CLANG_WARN_OBJC_IMPLICIT_RETAIN_SELF = YES;
				CLANG_WARN_OBJC_LITERAL_CONVERSION = YES;
				CLANG_WARN_OBJC_ROOT_CLASS = YES_ERROR;
				CLANG_WARN_QUOTED_INCLUDE_IN_FRAMEWORK_HEADER = YES;
				CLANG_WARN_RANGE_LOOP_ANALYSIS = YES;
				CLANG_WARN_STRICT_PROTOTYPES = YES;
				CLANG_WARN_SUSPICIOUS_MOVE = YES;
				CLANG_WARN_UNGUARDED_AVAILABILITY = YES_AGGRESSIVE;
				CLANG_WARN_UNREACHABLE_CODE = YES;
				CLANG_WARN__DUPLICATE_METHOD_MATCH = YES;
				COPY_PHASE_STRIP = NO;
				DEBUG_INFORMATION_FORMAT = "dwarf-with-dsym";
				ENABLE_NS_ASSERTIONS = NO;
				ENABLE_STRICT_OBJC_MSGSEND = YES;
				GCC_C_LANGUAGE_STANDARD = gnu11;
				GCC_NO_COMMON_BLOCKS = YES;
				GCC_WARN_64_TO_32_BIT_CONVERSION = YES;
				GCC_WARN_ABOUT_RETURN_TYPE = YES_ERROR;
				GCC_WARN_UNDECLARED_SELECTOR = YES;
				GCC_WARN_UNINITIALIZED_AUTOS = YES_AGGRESSIVE;
				GCC_WARN_UNUSED_FUNCTION = YES;
				GCC_WARN_UNUSED_VARIABLE = YES;
				IPHONEOS_DEPLOYMENT_TARGET = 16.1;
				MTL_ENABLE_DEBUG_INFO = NO;
				MTL_FAST_MATH = YES;
				SDKROOT = iphoneos;
				SWIFT_COMPILATION_MODE = wholemodule;
				SWIFT_OPTIMIZATION_LEVEL = "-O";
				VALIDATE_PRODUCT = YES;
			};
			name = Release;
		};
		49B606362920CFCA00292316 /* Debug */ = {
			isa = XCBuildConfiguration;
			buildSettings = {
				ASSETCATALOG_COMPILER_APPICON_NAME = AppIcon;
				ASSETCATALOG_COMPILER_GLOBAL_ACCENT_COLOR_NAME = AccentColor;
				CODE_SIGN_STYLE = Automatic;
				CURRENT_PROJECT_VERSION = 1;
				DEVELOPMENT_ASSET_PATHS = "\"module2-wrapup/Preview Content\"";
				DEVELOPMENT_TEAM = MLYDH95R3B;
				ENABLE_PREVIEWS = YES;
				GENERATE_INFOPLIST_FILE = YES;
				INFOPLIST_KEY_UIApplicationSceneManifest_Generation = YES;
				INFOPLIST_KEY_UIApplicationSupportsIndirectInputEvents = YES;
				INFOPLIST_KEY_UILaunchScreen_Generation = YES;
				INFOPLIST_KEY_UISupportedInterfaceOrientations_iPad = "UIInterfaceOrientationPortrait UIInterfaceOrientationPortraitUpsideDown UIInterfaceOrientationLandscapeLeft UIInterfaceOrientationLandscapeRight";
				INFOPLIST_KEY_UISupportedInterfaceOrientations_iPhone = "UIInterfaceOrientationPortrait UIInterfaceOrientationLandscapeLeft UIInterfaceOrientationLandscapeRight";
				LD_RUNPATH_SEARCH_PATHS = (
					"$(inherited)",
					"@executable_path/Frameworks",
				);
				MARKETING_VERSION = 1.0;
				PRODUCT_BUNDLE_IDENTIFIER = "swift.cwc.module2-wrapup";
				PRODUCT_NAME = "$(TARGET_NAME)";
				SWIFT_EMIT_LOC_STRINGS = YES;
				SWIFT_VERSION = 5.0;
				TARGETED_DEVICE_FAMILY = "1,2";
			};
			name = Debug;
		};
		49B606372920CFCA00292316 /* Release */ = {
			isa = XCBuildConfiguration;
			buildSettings = {
				ASSETCATALOG_COMPILER_APPICON_NAME = AppIcon;
				ASSETCATALOG_COMPILER_GLOBAL_ACCENT_COLOR_NAME = AccentColor;
				CODE_SIGN_STYLE = Automatic;
				CURRENT_PROJECT_VERSION = 1;
				DEVELOPMENT_ASSET_PATHS = "\"module2-wrapup/Preview Content\"";
				DEVELOPMENT_TEAM = MLYDH95R3B;
				ENABLE_PREVIEWS = YES;
				GENERATE_INFOPLIST_FILE = YES;
				INFOPLIST_KEY_UIApplicationSceneManifest_Generation = YES;
				INFOPLIST_KEY_UIApplicationSupportsIndirectInputEvents = YES;
				INFOPLIST_KEY_UILaunchScreen_Generation = YES;
				INFOPLIST_KEY_UISupportedInterfaceOrientations_iPad = "UIInterfaceOrientationPortrait UIInterfaceOrientationPortraitUpsideDown UIInterfaceOrientationLandscapeLeft UIInterfaceOrientationLandscapeRight";
				INFOPLIST_KEY_UISupportedInterfaceOrientations_iPhone = "UIInterfaceOrientationPortrait UIInterfaceOrientationLandscapeLeft UIInterfaceOrientationLandscapeRight";
				LD_RUNPATH_SEARCH_PATHS = (
					"$(inherited)",
					"@executable_path/Frameworks",
				);
				MARKETING_VERSION = 1.0;
				PRODUCT_BUNDLE_IDENTIFIER = "swift.cwc.module2-wrapup";
				PRODUCT_NAME = "$(TARGET_NAME)";
				SWIFT_EMIT_LOC_STRINGS = YES;
				SWIFT_VERSION = 5.0;
				TARGETED_DEVICE_FAMILY = "1,2";
			};
			name = Release;
		};
/* End XCBuildConfiguration section */

/* Begin XCConfigurationList section */
		49B606222920CFC600292316 /* Build configuration list for PBXProject "module2-wrapup" */ = {
			isa = XCConfigurationList;
			buildConfigurations = (
				49B606332920CFCA00292316 /* Debug */,
				49B606342920CFCA00292316 /* Release */,
			);
			defaultConfigurationIsVisible = 0;
			defaultConfigurationName = Release;
		};
		49B606352920CFCA00292316 /* Build configuration list for PBXNativeTarget "module2-wrapup" */ = {
			isa = XCConfigurationList;
			buildConfigurations = (
				49B606362920CFCA00292316 /* Debug */,
				49B606372920CFCA00292316 /* Release */,
			);
			defaultConfigurationIsVisible = 0;
			defaultConfigurationName = Release;
		};
/* End XCConfigurationList section */
	};
	rootObject = 49B6061F2920CFC600292316 /* Project object */;
}
