// !$*UTF8*$!
{
	archiveVersion = 1;
	classes = {
	};
	objectVersion = 56;
	objects = {

/* Begin PBXBuildFile section */
		499FB088291F5A5700147C33 /* pizza_demoApp.swift in Sources */ = {isa = PBXBuildFile; fileRef = 499FB087291F5A5700147C33 /* pizza_demoApp.swift */; };
		499FB08A291F5A5700147C33 /* PizzaListView.swift in Sources */ = {isa = PBXBuildFile; fileRef = 499FB089291F5A5700147C33 /* PizzaListView.swift */; };
		499FB08C291F5A5A00147C33 /* Assets.xcassets in Resources */ = {isa = PBXBuildFile; fileRef = 499FB08B291F5A5A00147C33 /* Assets.xcassets */; };
		499FB08F291F5A5A00147C33 /* Preview Assets.xcassets in Resources */ = {isa = PBXBuildFile; fileRef = 499FB08E291F5A5A00147C33 /* Preview Assets.xcassets */; };
		499FB099291F5A9A00147C33 /* Pizza.swift in Sources */ = {isa = PBXBuildFile; fileRef = 499FB098291F5A9A00147C33 /* Pizza.swift */; };
		499FB09B291F5AB900147C33 /* PizzaModel.swift in Sources */ = {isa = PBXBuildFile; fileRef = 499FB09A291F5AB900147C33 /* PizzaModel.swift */; };
		499FB09E291F5B0A00147C33 /* data.json in Resources */ = {isa = PBXBuildFile; fileRef = 499FB09D291F5B0A00147C33 /* data.json */; };
		499FB0C8291F694200147C33 /* DataService.swift in Sources */ = {isa = PBXBuildFile; fileRef = 499FB0C7291F694200147C33 /* DataService.swift */; };
		499FB0E6291FAAE200147C33 /* PizzaView.swift in Sources */ = {isa = PBXBuildFile; fileRef = 499FB0E5291FAAE200147C33 /* PizzaView.swift */; };
/* End PBXBuildFile section */

/* Begin PBXFileReference section */
		499FB084291F5A5700147C33 /* pizza-demo.app */ = {isa = PBXFileReference; explicitFileType = wrapper.application; includeInIndex = 0; path = "pizza-demo.app"; sourceTree = BUILT_PRODUCTS_DIR; };
		499FB087291F5A5700147C33 /* pizza_demoApp.swift */ = {isa = PBXFileReference; lastKnownFileType = sourcecode.swift; path = pizza_demoApp.swift; sourceTree = "<group>"; };
		499FB089291F5A5700147C33 /* PizzaListView.swift */ = {isa = PBXFileReference; lastKnownFileType = sourcecode.swift; path = PizzaListView.swift; sourceTree = "<group>"; };
		499FB08B291F5A5A00147C33 /* Assets.xcassets */ = {isa = PBXFileReference; lastKnownFileType = folder.assetcatalog; path = Assets.xcassets; sourceTree = "<group>"; };
		499FB08E291F5A5A00147C33 /* Preview Assets.xcassets */ = {isa = PBXFileReference; lastKnownFileType = folder.assetcatalog; path = "Preview Assets.xcassets"; sourceTree = "<group>"; };
		499FB098291F5A9A00147C33 /* Pizza.swift */ = {isa = PBXFileReference; lastKnownFileType = sourcecode.swift; path = Pizza.swift; sourceTree = "<group>"; };
		499FB09A291F5AB900147C33 /* PizzaModel.swift */ = {isa = PBXFileReference; lastKnownFileType = sourcecode.swift; path = PizzaModel.swift; sourceTree = "<group>"; };
		499FB09D291F5B0A00147C33 /* data.json */ = {isa = PBXFileReference; lastKnownFileType = text.json; path = data.json; sourceTree = "<group>"; };
		499FB0C7291F694200147C33 /* DataService.swift */ = {isa = PBXFileReference; lastKnownFileType = sourcecode.swift; path = DataService.swift; sourceTree = "<group>"; };
		499FB0E5291FAAE200147C33 /* PizzaView.swift */ = {isa = PBXFileReference; lastKnownFileType = sourcecode.swift; path = PizzaView.swift; sourceTree = "<group>"; };
/* End PBXFileReference section */

/* Begin PBXFrameworksBuildPhase section */
		499FB081291F5A5700147C33 /* Frameworks */ = {
			isa = PBXFrameworksBuildPhase;
			buildActionMask = 2147483647;
			files = (
			);
			runOnlyForDeploymentPostprocessing = 0;
		};
/* End PBXFrameworksBuildPhase section */

/* Begin PBXGroup section */
		499FB07B291F5A5700147C33 = {
			isa = PBXGroup;
			children = (
				499FB0C6291F693300147C33 /* Services */,
				499FB09C291F5AF000147C33 /* Data */,
				499FB097291F5A7800147C33 /* Models */,
				499FB096291F5A7200147C33 /* ViewModels */,
				499FB095291F5A6D00147C33 /* Views */,
				499FB086291F5A5700147C33 /* pizza-demo */,
				499FB085291F5A5700147C33 /* Products */,
			);
			sourceTree = "<group>";
		};
		499FB085291F5A5700147C33 /* Products */ = {
			isa = PBXGroup;
			children = (
				499FB084291F5A5700147C33 /* pizza-demo.app */,
			);
			name = Products;
			sourceTree = "<group>";
		};
		499FB086291F5A5700147C33 /* pizza-demo */ = {
			isa = PBXGroup;
			children = (
				499FB087291F5A5700147C33 /* pizza_demoApp.swift */,
				499FB08B291F5A5A00147C33 /* Assets.xcassets */,
				499FB08D291F5A5A00147C33 /* Preview Content */,
			);
			path = "pizza-demo";
			sourceTree = "<group>";
		};
		499FB08D291F5A5A00147C33 /* Preview Content */ = {
			isa = PBXGroup;
			children = (
				499FB08E291F5A5A00147C33 /* Preview Assets.xcassets */,
			);
			path = "Preview Content";
			sourceTree = "<group>";
		};
		499FB095291F5A6D00147C33 /* Views */ = {
			isa = PBXGroup;
			children = (
				499FB089291F5A5700147C33 /* PizzaListView.swift */,
				499FB0E5291FAAE200147C33 /* PizzaView.swift */,
			);
			path = Views;
			sourceTree = "<group>";
		};
		499FB096291F5A7200147C33 /* ViewModels */ = {
			isa = PBXGroup;
			children = (
				499FB09A291F5AB900147C33 /* PizzaModel.swift */,
			);
			path = ViewModels;
			sourceTree = "<group>";
		};
		499FB097291F5A7800147C33 /* Models */ = {
			isa = PBXGroup;
			children = (
				499FB098291F5A9A00147C33 /* Pizza.swift */,
			);
			path = Models;
			sourceTree = "<group>";
		};
		499FB09C291F5AF000147C33 /* Data */ = {
			isa = PBXGroup;
			children = (
				499FB09D291F5B0A00147C33 /* data.json */,
			);
			path = Data;
			sourceTree = "<group>";
		};
		499FB0C6291F693300147C33 /* Services */ = {
			isa = PBXGroup;
			children = (
				499FB0C7291F694200147C33 /* DataService.swift */,
			);
			path = Services;
			sourceTree = "<group>";
		};
/* End PBXGroup section */

/* Begin PBXNativeTarget section */
		499FB083291F5A5700147C33 /* pizza-demo */ = {
			isa = PBXNativeTarget;
			buildConfigurationList = 499FB092291F5A5A00147C33 /* Build configuration list for PBXNativeTarget "pizza-demo" */;
			buildPhases = (
				499FB080291F5A5700147C33 /* Sources */,
				499FB081291F5A5700147C33 /* Frameworks */,
				499FB082291F5A5700147C33 /* Resources */,
			);
			buildRules = (
			);
			dependencies = (
			);
			name = "pizza-demo";
			productName = "pizza-demo";
			productReference = 499FB084291F5A5700147C33 /* pizza-demo.app */;
			productType = "com.apple.product-type.application";
		};
/* End PBXNativeTarget section */

/* Begin PBXProject section */
		499FB07C291F5A5700147C33 /* Project object */ = {
			isa = PBXProject;
			attributes = {
				BuildIndependentTargetsInParallel = 1;
				LastSwiftUpdateCheck = 1410;
				LastUpgradeCheck = 1410;
				TargetAttributes = {
					499FB083291F5A5700147C33 = {
						CreatedOnToolsVersion = 14.1;
					};
				};
			};
			buildConfigurationList = 499FB07F291F5A5700147C33 /* Build configuration list for PBXProject "pizza-demo" */;
			compatibilityVersion = "Xcode 14.0";
			developmentRegion = en;
			hasScannedForEncodings = 0;
			knownRegions = (
				en,
				Base,
			);
			mainGroup = 499FB07B291F5A5700147C33;
			productRefGroup = 499FB085291F5A5700147C33 /* Products */;
			projectDirPath = "";
			projectRoot = "";
			targets = (
				499FB083291F5A5700147C33 /* pizza-demo */,
			);
		};
/* End PBXProject section */

/* Begin PBXResourcesBuildPhase section */
		499FB082291F5A5700147C33 /* Resources */ = {
			isa = PBXResourcesBuildPhase;
			buildActionMask = 2147483647;
			files = (
				499FB08F291F5A5A00147C33 /* Preview Assets.xcassets in Resources */,
				499FB09E291F5B0A00147C33 /* data.json in Resources */,
				499FB08C291F5A5A00147C33 /* Assets.xcassets in Resources */,
			);
			runOnlyForDeploymentPostprocessing = 0;
		};
/* End PBXResourcesBuildPhase section */

/* Begin PBXSourcesBuildPhase section */
		499FB080291F5A5700147C33 /* Sources */ = {
			isa = PBXSourcesBuildPhase;
			buildActionMask = 2147483647;
			files = (
				499FB08A291F5A5700147C33 /* PizzaListView.swift in Sources */,
				499FB0E6291FAAE200147C33 /* PizzaView.swift in Sources */,
				499FB088291F5A5700147C33 /* pizza_demoApp.swift in Sources */,
				499FB09B291F5AB900147C33 /* PizzaModel.swift in Sources */,
				499FB099291F5A9A00147C33 /* Pizza.swift in Sources */,
				499FB0C8291F694200147C33 /* DataService.swift in Sources */,
			);
			runOnlyForDeploymentPostprocessing = 0;
		};
/* End PBXSourcesBuildPhase section */

/* Begin XCBuildConfiguration section */
		499FB090291F5A5A00147C33 /* Debug */ = {
			isa = XCBuildConfiguration;
			buildSettings = {
				ALWAYS_SEARCH_USER_PATHS = NO;
				CLANG_ANALYZER_NONNULL = YES;
				CLANG_ANALYZER_NUMBER_OBJECT_CONVERSION = YES_AGGRESSIVE;
				CLANG_CXX_LANGUAGE_STANDARD = "gnu++20";
				CLANG_ENABLE_MODULES = YES;
				CLANG_ENABLE_OBJC_ARC = YES;
				CLANG_ENABLE_OBJC_WEAK = YES;
				CLANG_WARN_BLOCK_CAPTURE_AUTORELEASING = YES;
				CLANG_WARN_BOOL_CONVERSION = YES;
				CLANG_WARN_COMMA = YES;
				CLANG_WARN_CONSTANT_CONVERSION = YES;
				CLANG_WARN_DEPRECATED_OBJC_IMPLEMENTATIONS = YES;
				CLANG_WARN_DIRECT_OBJC_ISA_USAGE = YES_ERROR;
				CLANG_WARN_DOCUMENTATION_COMMENTS = YES;
				CLANG_WARN_EMPTY_BODY = YES;
				CLANG_WARN_ENUM_CONVERSION = YES;
				CLANG_WARN_INFINITE_RECURSION = YES;
				CLANG_WARN_INT_CONVERSION = YES;
				CLANG_WARN_NON_LITERAL_NULL_CONVERSION = YES;
				CLANG_WARN_OBJC_IMPLICIT_RETAIN_SELF = YES;
				CLANG_WARN_OBJC_LITERAL_CONVERSION = YES;
				CLANG_WARN_OBJC_ROOT_CLASS = YES_ERROR;
				CLANG_WARN_QUOTED_INCLUDE_IN_FRAMEWORK_HEADER = YES;
				CLANG_WARN_RANGE_LOOP_ANALYSIS = YES;
				CLANG_WARN_STRICT_PROTOTYPES = YES;
				CLANG_WARN_SUSPICIOUS_MOVE = YES;
				CLANG_WARN_UNGUARDED_AVAILABILITY = YES_AGGRESSIVE;
				CLANG_WARN_UNREACHABLE_CODE = YES;
				CLANG_WARN__DUPLICATE_METHOD_MATCH = YES;
				COPY_PHASE_STRIP = NO;
				DEBUG_INFORMATION_FORMAT = dwarf;
				ENABLE_STRICT_OBJC_MSGSEND = YES;
				ENABLE_TESTABILITY = YES;
				GCC_C_LANGUAGE_STANDARD = gnu11;
				GCC_DYNAMIC_NO_PIC = NO;
				GCC_NO_COMMON_BLOCKS = YES;
				GCC_OPTIMIZATION_LEVEL = 0;
				GCC_PREPROCESSOR_DEFINITIONS = (
					"DEBUG=1",
					"$(inherited)",
				);
				GCC_WARN_64_TO_32_BIT_CONVERSION = YES;
				GCC_WARN_ABOUT_RETURN_TYPE = YES_ERROR;
				GCC_WARN_UNDECLARED_SELECTOR = YES;
				GCC_WARN_UNINITIALIZED_AUTOS = YES_AGGRESSIVE;
				GCC_WARN_UNUSED_FUNCTION = YES;
				GCC_WARN_UNUSED_VARIABLE = YES;
				IPHONEOS_DEPLOYMENT_TARGET = 16.1;
				MTL_ENABLE_DEBUG_INFO = INCLUDE_SOURCE;
				MTL_FAST_MATH = YES;
				ONLY_ACTIVE_ARCH = YES;
				SDKROOT = iphoneos;
				SWIFT_ACTIVE_COMPILATION_CONDITIONS = DEBUG;
				SWIFT_OPTIMIZATION_LEVEL = "-Onone";
			};
			name = Debug;
		};
		499FB091291F5A5A00147C33 /* Release */ = {
			isa = XCBuildConfiguration;
			buildSettings = {
				ALWAYS_SEARCH_USER_PATHS = NO;
				CLANG_ANALYZER_NONNULL = YES;
				CLANG_ANALYZER_NUMBER_OBJECT_CONVERSION = YES_AGGRESSIVE;
				CLANG_CXX_LANGUAGE_STANDARD = "gnu++20";
				CLANG_ENABLE_MODULES = YES;
				CLANG_ENABLE_OBJC_ARC = YES;
				CLANG_ENABLE_OBJC_WEAK = YES;
				CLANG_WARN_BLOCK_CAPTURE_AUTORELEASING = YES;
				CLANG_WARN_BOOL_CONVERSION = YES;
				CLANG_WARN_COMMA = YES;
				CLANG_WARN_CONSTANT_CONVERSION = YES;
				CLANG_WARN_DEPRECATED_OBJC_IMPLEMENTATIONS = YES;
				CLANG_WARN_DIRECT_OBJC_ISA_USAGE = YES_ERROR;
				CLANG_WARN_DOCUMENTATION_COMMENTS = YES;
				CLANG_WARN_EMPTY_BODY = YES;
				CLANG_WARN_ENUM_CONVERSION = YES;
				CLANG_WARN_INFINITE_RECURSION = YES;
				CLANG_WARN_INT_CONVERSION = YES;
				CLANG_WARN_NON_LITERAL_NULL_CONVERSION = YES;
				CLANG_WARN_OBJC_IMPLICIT_RETAIN_SELF = YES;
				CLANG_WARN_OBJC_LITERAL_CONVERSION = YES;
				CLANG_WARN_OBJC_ROOT_CLASS = YES_ERROR;
				CLANG_WARN_QUOTED_INCLUDE_IN_FRAMEWORK_HEADER = YES;
				CLANG_WARN_RANGE_LOOP_ANALYSIS = YES;
				CLANG_WARN_STRICT_PROTOTYPES = YES;
				CLANG_WARN_SUSPICIOUS_MOVE = YES;
				CLANG_WARN_UNGUARDED_AVAILABILITY = YES_AGGRESSIVE;
				CLANG_WARN_UNREACHABLE_CODE = YES;
				CLANG_WARN__DUPLICATE_METHOD_MATCH = YES;
				COPY_PHASE_STRIP = NO;
				DEBUG_INFORMATION_FORMAT = "dwarf-with-dsym";
				ENABLE_NS_ASSERTIONS = NO;
				ENABLE_STRICT_OBJC_MSGSEND = YES;
				GCC_C_LANGUAGE_STANDARD = gnu11;
				GCC_NO_COMMON_BLOCKS = YES;
				GCC_WARN_64_TO_32_BIT_CONVERSION = YES;
				GCC_WARN_ABOUT_RETURN_TYPE = YES_ERROR;
				GCC_WARN_UNDECLARED_SELECTOR = YES;
				GCC_WARN_UNINITIALIZED_AUTOS = YES_AGGRESSIVE;
				GCC_WARN_UNUSED_FUNCTION = YES;
				GCC_WARN_UNUSED_VARIABLE = YES;
				IPHONEOS_DEPLOYMENT_TARGET = 16.1;
				MTL_ENABLE_DEBUG_INFO = NO;
				MTL_FAST_MATH = YES;
				SDKROOT = iphoneos;
				SWIFT_COMPILATION_MODE = wholemodule;
				SWIFT_OPTIMIZATION_LEVEL = "-O";
				VALIDATE_PRODUCT = YES;
			};
			name = Release;
		};
		499FB093291F5A5A00147C33 /* Debug */ = {
			isa = XCBuildConfiguration;
			buildSettings = {
				ASSETCATALOG_COMPILER_APPICON_NAME = AppIcon;
				ASSETCATALOG_COMPILER_GLOBAL_ACCENT_COLOR_NAME = AccentColor;
				CODE_SIGN_STYLE = Automatic;
				CURRENT_PROJECT_VERSION = 1;
				DEVELOPMENT_ASSET_PATHS = "\"pizza-demo/Preview Content\"";
				DEVELOPMENT_TEAM = MLYDH95R3B;
				ENABLE_PREVIEWS = YES;
				GENERATE_INFOPLIST_FILE = YES;
				INFOPLIST_KEY_UIApplicationSceneManifest_Generation = YES;
				INFOPLIST_KEY_UIApplicationSupportsIndirectInputEvents = YES;
				INFOPLIST_KEY_UILaunchScreen_Generation = YES;
				INFOPLIST_KEY_UISupportedInterfaceOrientations_iPad = "UIInterfaceOrientationPortrait UIInterfaceOrientationPortraitUpsideDown UIInterfaceOrientationLandscapeLeft UIInterfaceOrientationLandscapeRight";
				INFOPLIST_KEY_UISupportedInterfaceOrientations_iPhone = "UIInterfaceOrientationPortrait UIInterfaceOrientationLandscapeLeft UIInterfaceOrientationLandscapeRight";
				LD_RUNPATH_SEARCH_PATHS = (
					"$(inherited)",
					"@executable_path/Frameworks",
				);
				MARKETING_VERSION = 1.0;
				PRODUCT_BUNDLE_IDENTIFIER = "swift.cwc.pizza-demo";
				PRODUCT_NAME = "$(TARGET_NAME)";
				SWIFT_EMIT_LOC_STRINGS = YES;
				SWIFT_VERSION = 5.0;
				TARGETED_DEVICE_FAMILY = "1,2";
			};
			name = Debug;
		};
		499FB094291F5A5A00147C33 /* Release */ = {
			isa = XCBuildConfiguration;
			buildSettings = {
				ASSETCATALOG_COMPILER_APPICON_NAME = AppIcon;
				ASSETCATALOG_COMPILER_GLOBAL_ACCENT_COLOR_NAME = AccentColor;
				CODE_SIGN_STYLE = Automatic;
				CURRENT_PROJECT_VERSION = 1;
				DEVELOPMENT_ASSET_PATHS = "\"pizza-demo/Preview Content\"";
				DEVELOPMENT_TEAM = MLYDH95R3B;
				ENABLE_PREVIEWS = YES;
				GENERATE_INFOPLIST_FILE = YES;
				INFOPLIST_KEY_UIApplicationSceneManifest_Generation = YES;
				INFOPLIST_KEY_UIApplicationSupportsIndirectInputEvents = YES;
				INFOPLIST_KEY_UILaunchScreen_Generation = YES;
				INFOPLIST_KEY_UISupportedInterfaceOrientations_iPad = "UIInterfaceOrientationPortrait UIInterfaceOrientationPortraitUpsideDown UIInterfaceOrientationLandscapeLeft UIInterfaceOrientationLandscapeRight";
				INFOPLIST_KEY_UISupportedInterfaceOrientations_iPhone = "UIInterfaceOrientationPortrait UIInterfaceOrientationLandscapeLeft UIInterfaceOrientationLandscapeRight";
				LD_RUNPATH_SEARCH_PATHS = (
					"$(inherited)",
					"@executable_path/Frameworks",
				);
				MARKETING_VERSION = 1.0;
				PRODUCT_BUNDLE_IDENTIFIER = "swift.cwc.pizza-demo";
				PRODUCT_NAME = "$(TARGET_NAME)";
				SWIFT_EMIT_LOC_STRINGS = YES;
				SWIFT_VERSION = 5.0;
				TARGETED_DEVICE_FAMILY = "1,2";
			};
			name = Release;
		};
/* End XCBuildConfiguration section */

/* Begin XCConfigurationList section */
		499FB07F291F5A5700147C33 /* Build configuration list for PBXProject "pizza-demo" */ = {
			isa = XCConfigurationList;
			buildConfigurations = (
				499FB090291F5A5A00147C33 /* Debug */,
				499FB091291F5A5A00147C33 /* Release */,
			);
			defaultConfigurationIsVisible = 0;
			defaultConfigurationName = Release;
		};
		499FB092291F5A5A00147C33 /* Build configuration list for PBXNativeTarget "pizza-demo" */ = {
			isa = XCConfigurationList;
			buildConfigurations = (
				499FB093291F5A5A00147C33 /* Debug */,
				499FB094291F5A5A00147C33 /* Release */,
			);
			defaultConfigurationIsVisible = 0;
			defaultConfigurationName = Release;
		};
/* End XCConfigurationList section */
	};
	rootObject = 499FB07C291F5A5700147C33 /* Project object */;
}
